
Microsoft Visual Studio Solution File, Format Version 12.00
# Visual Studio Version 17
VisualStudioVersion = 17.2.32616.157
MinimumVisualStudioVersion = 10.0.40219.1
Project("{FAE04EC0-301F-11D3-BF4B-00C04F79EFBC}") = "cswcp", "cswcp\cswcp.csproj", "{BBFC57E3-1491-4221-AB63-6034466FD5D5}"
EndProject
Global
	GlobalSection(SolutionConfigurationPlatforms) = preSolution
		Debug|Any CPU = Debug|Any CPU
		Release|Any CPU = Release|Any CPU
	EndGlobalSection
	GlobalSection(ProjectConfigurationPlatforms) = postSolution
		{BBFC57E3-1491-4221-AB63-6034466FD5D5}.Debug|Any CPU.ActiveCfg = Debug|Any CPU
		{BBFC57E3-1491-4221-AB63-6034466FD5D5}.Debug|Any CPU.Build.0 = Debug|Any CPU
		{BBFC57E3-1491-4221-AB63-6034466FD5D5}.Release|Any CPU.ActiveCfg = Release|Any CPU
		{BBFC57E3-1491-4221-AB63-6034466FD5D5}.Release|Any CPU.Build.0 = Release|Any CPU
	EndGlobalSection
	GlobalSection(SolutionProperties) = preSolution
		HideSolutionNode = FALSE
	EndGlobalSection
	GlobalSection(ExtensibilityGlobals) = postSolution
		SolutionGuid = {47910657-B4C7-41F9-BE63-837B86162065}
	EndGlobalSection
EndGlobal
